
Microsoft Visual Studio Solution File, Format Version 12.00
# Visual Studio Version 16
VisualStudioVersion = 16.0.28803.202
MinimumVisualStudioVersion = 10.0.40219.1
Project("{FAE04EC0-301F-11D3-BF4B-00C04F79EFBC}") = "HGU_Client", "HGU_Client\HGU_Client.csproj", "{523EE225-0344-4CB2-B450-D149CAE95198}"
EndProject
Global
	GlobalSection(SolutionConfigurationPlatforms) = preSolution
		Debug|Any CPU = Debug|Any CPU
		Release|Any CPU = Release|Any CPU
	EndGlobalSection
	GlobalSection(ProjectConfigurationPlatforms) = postSolution
		{523EE225-0344-4CB2-B450-D149CAE95198}.Debug|Any CPU.ActiveCfg = Debug|Any CPU
		{523EE225-0344-4CB2-B450-D149CAE95198}.Debug|Any CPU.Build.0 = Debug|Any CPU
		{523EE225-0344-4CB2-B450-D149CAE95198}.Release|Any CPU.ActiveCfg = Release|Any CPU
		{523EE225-0344-4CB2-B450-D149CAE95198}.Release|Any CPU.Build.0 = Release|Any CPU
	EndGlobalSection
	GlobalSection(SolutionProperties) = preSolution
		HideSolutionNode = FALSE
	EndGlobalSection
	GlobalSection(ExtensibilityGlobals) = postSolution
		SolutionGuid = {48652B17-8859-4B7C-8908-7A2631478122}
	EndGlobalSection
EndGlobal
